// !$*UTF8*$!
{
	archiveVersion = 1;
	classes = {
	};
	objectVersion = 46;
	objects = {

/* Begin PBXBuildFile section */
		C000F0B01D5FA7D300565EF1 /* StoreViewCell.m in Sources */ = {isa = PBXBuildFile; fileRef = C000F0AE1D5FA7D300565EF1 /* StoreViewCell.m */; };
		C021B6EA1D5F6D3F008B437C /* main.m in Sources */ = {isa = PBXBuildFile; fileRef = C021B6E91D5F6D3F008B437C /* main.m */; };
		C021B6ED1D5F6D3F008B437C /* AppDelegate.m in Sources */ = {isa = PBXBuildFile; fileRef = C021B6EC1D5F6D3F008B437C /* AppDelegate.m */; };
		C021B6F31D5F6D40008B437C /* Main.storyboard in Resources */ = {isa = PBXBuildFile; fileRef = C021B6F11D5F6D40008B437C /* Main.storyboard */; };
		C021B6F51D5F6D41008B437C /* Assets.xcassets in Resources */ = {isa = PBXBuildFile; fileRef = C021B6F41D5F6D41008B437C /* Assets.xcassets */; };
		C021B6F81D5F6D42008B437C /* LaunchScreen.storyboard in Resources */ = {isa = PBXBuildFile; fileRef = C021B6F61D5F6D42008B437C /* LaunchScreen.storyboard */; };
		C021B7031D5F6D4E008B437C /* Akila_WellsFargoExerciseTests.m in Sources */ = {isa = PBXBuildFile; fileRef = C021B7021D5F6D4E008B437C /* Akila_WellsFargoExerciseTests.m */; };
		C021B70E1D5F6D4E008B437C /* Akila_WellsFargoExerciseUITests.m in Sources */ = {isa = PBXBuildFile; fileRef = C021B70D1D5F6D4E008B437C /* Akila_WellsFargoExerciseUITests.m */; };
		C021B71D1D5F72CA008B437C /* LoginViewController.m in Sources */ = {isa = PBXBuildFile; fileRef = C021B71C1D5F72CA008B437C /* LoginViewController.m */; };
		C021B7201D5F72F9008B437C /* StoreViewController.m in Sources */ = {isa = PBXBuildFile; fileRef = C021B71F1D5F72F9008B437C /* StoreViewController.m */; };
/* End PBXBuildFile section */

/* Begin PBXContainerItemProxy section */
		C021B6FF1D5F6D4D008B437C /* PBXContainerItemProxy */ = {
			isa = PBXContainerItemProxy;
			containerPortal = C021B6DD1D5F6D3F008B437C /* Project object */;
			proxyType = 1;
			remoteGlobalIDString = C021B6E41D5F6D3F008B437C;
			remoteInfo = Akila_WellsFargoExercise;
		};
		C021B70A1D5F6D4E008B437C /* PBXContainerItemProxy */ = {
			isa = PBXContainerItemProxy;
			containerPortal = C021B6DD1D5F6D3F008B437C /* Project object */;
			proxyType = 1;
			remoteGlobalIDString = C021B6E41D5F6D3F008B437C;
			remoteInfo = Akila_WellsFargoExercise;
		};
/* End PBXContainerItemProxy section */

/* Begin PBXFileReference section */
		C000F0AD1D5FA7D300565EF1 /* StoreViewCell.h */ = {isa = PBXFileReference; fileEncoding = 4; lastKnownFileType = sourcecode.c.h; path = StoreViewCell.h; sourceTree = "<group>"; };
		C000F0AE1D5FA7D300565EF1 /* StoreViewCell.m */ = {isa = PBXFileReference; fileEncoding = 4; lastKnownFileType = sourcecode.c.objc; path = StoreViewCell.m; sourceTree = "<group>"; };
		C021B6E51D5F6D3F008B437C /* Akila_WellsFargoExercise.app */ = {isa = PBXFileReference; explicitFileType = wrapper.application; includeInIndex = 0; path = Akila_WellsFargoExercise.app; sourceTree = BUILT_PRODUCTS_DIR; };
		C021B6E91D5F6D3F008B437C /* main.m */ = {isa = PBXFileReference; lastKnownFileType = sourcecode.c.objc; path = main.m; sourceTree = "<group>"; };
		C021B6EB1D5F6D3F008B437C /* AppDelegate.h */ = {isa = PBXFileReference; lastKnownFileType = sourcecode.c.h; path = AppDelegate.h; sourceTree = "<group>"; };
		C021B6EC1D5F6D3F008B437C /* AppDelegate.m */ = {isa = PBXFileReference; lastKnownFileType = sourcecode.c.objc; path = AppDelegate.m; sourceTree = "<group>"; };
		C021B6F21D5F6D40008B437C /* Base */ = {isa = PBXFileReference; lastKnownFileType = file.storyboard; name = Base; path = Base.lproj/Main.storyboard; sourceTree = "<group>"; };
		C021B6F41D5F6D41008B437C /* Assets.xcassets */ = {isa = PBXFileReference; lastKnownFileType = folder.assetcatalog; path = Assets.xcassets; sourceTree = "<group>"; };
		C021B6F71D5F6D42008B437C /* Base */ = {isa = PBXFileReference; lastKnownFileType = file.storyboard; name = Base; path = Base.lproj/LaunchScreen.storyboard; sourceTree = "<group>"; };
		C021B6F91D5F6D42008B437C /* Info.plist */ = {isa = PBXFileReference; lastKnownFileType = text.plist.xml; path = Info.plist; sourceTree = "<group>"; };
		C021B6FE1D5F6D4D008B437C /* Akila_WellsFargoExerciseTests.xctest */ = {isa = PBXFileReference; explicitFileType = wrapper.cfbundle; includeInIndex = 0; path = Akila_WellsFargoExerciseTests.xctest; sourceTree = BUILT_PRODUCTS_DIR; };
		C021B7021D5F6D4E008B437C /* Akila_WellsFargoExerciseTests.m */ = {isa = PBXFileReference; lastKnownFileType = sourcecode.c.objc; path = Akila_WellsFargoExerciseTests.m; sourceTree = "<group>"; };
		C021B7041D5F6D4E008B437C /* Info.plist */ = {isa = PBXFileReference; lastKnownFileType = text.plist.xml; path = Info.plist; sourceTree = "<group>"; };
		C021B7091D5F6D4E008B437C /* Akila_WellsFargoExerciseUITests.xctest */ = {isa = PBXFileReference; explicitFileType = wrapper.cfbundle; includeInIndex = 0; path = Akila_WellsFargoExerciseUITests.xctest; sourceTree = BUILT_PRODUCTS_DIR; };
		C021B70D1D5F6D4E008B437C /* Akila_WellsFargoExerciseUITests.m */ = {isa = PBXFileReference; lastKnownFileType = sourcecode.c.objc; path = Akila_WellsFargoExerciseUITests.m; sourceTree = "<group>"; };
		C021B70F1D5F6D4F008B437C /* Info.plist */ = {isa = PBXFileReference; lastKnownFileType = text.plist.xml; path = Info.plist; sourceTree = "<group>"; };
		C021B71B1D5F72CA008B437C /* LoginViewController.h */ = {isa = PBXFileReference; fileEncoding = 4; lastKnownFileType = sourcecode.c.h; path = LoginViewController.h; sourceTree = "<group>"; };
		C021B71C1D5F72CA008B437C /* LoginViewController.m */ = {isa = PBXFileReference; fileEncoding = 4; lastKnownFileType = sourcecode.c.objc; path = LoginViewController.m; sourceTree = "<group>"; };
		C021B71E1D5F72F9008B437C /* StoreViewController.h */ = {isa = PBXFileReference; fileEncoding = 4; lastKnownFileType = sourcecode.c.h; path = StoreViewController.h; sourceTree = "<group>"; };
		C021B71F1D5F72F9008B437C /* StoreViewController.m */ = {isa = PBXFileReference; fileEncoding = 4; lastKnownFileType = sourcecode.c.objc; path = StoreViewController.m; sourceTree = "<group>"; };
/* End PBXFileReference section */

/* Begin PBXFrameworksBuildPhase section */
		C021B6E21D5F6D3F008B437C /* Frameworks */ = {
			isa = PBXFrameworksBuildPhase;
			buildActionMask = 2147483647;
			files = (
			);
			runOnlyForDeploymentPostprocessing = 0;
		};
		C021B6FB1D5F6D4D008B437C /* Frameworks */ = {
			isa = PBXFrameworksBuildPhase;
			buildActionMask = 2147483647;
			files = (
			);
			runOnlyForDeploymentPostprocessing = 0;
		};
		C021B7061D5F6D4E008B437C /* Frameworks */ = {
			isa = PBXFrameworksBuildPhase;
			buildActionMask = 2147483647;
			files = (
			);
			runOnlyForDeploymentPostprocessing = 0;
		};
/* End PBXFrameworksBuildPhase section */

/* Begin PBXGroup section */
		C021B6DC1D5F6D3F008B437C = {
			isa = PBXGroup;
			children = (
				C021B6E71D5F6D3F008B437C /* Akila_WellsFargoExercise */,
				C021B7011D5F6D4E008B437C /* Akila_WellsFargoExerciseTests */,
				C021B70C1D5F6D4E008B437C /* Akila_WellsFargoExerciseUITests */,
				C021B6E61D5F6D3F008B437C /* Products */,
			);
			sourceTree = "<group>";
		};
		C021B6E61D5F6D3F008B437C /* Products */ = {
			isa = PBXGroup;
			children = (
				C021B6E51D5F6D3F008B437C /* Akila_WellsFargoExercise.app */,
				C021B6FE1D5F6D4D008B437C /* Akila_WellsFargoExerciseTests.xctest */,
				C021B7091D5F6D4E008B437C /* Akila_WellsFargoExerciseUITests.xctest */,
			);
			name = Products;
			sourceTree = "<group>";
		};
		C021B6E71D5F6D3F008B437C /* Akila_WellsFargoExercise */ = {
			isa = PBXGroup;
			children = (
				C021B6EB1D5F6D3F008B437C /* AppDelegate.h */,
				C021B6EC1D5F6D3F008B437C /* AppDelegate.m */,
				C021B71B1D5F72CA008B437C /* LoginViewController.h */,
				C021B71C1D5F72CA008B437C /* LoginViewController.m */,
				C021B71E1D5F72F9008B437C /* StoreViewController.h */,
				C000F0AD1D5FA7D300565EF1 /* StoreViewCell.h */,
				C000F0AE1D5FA7D300565EF1 /* StoreViewCell.m */,
				C021B71F1D5F72F9008B437C /* StoreViewController.m */,
				C021B6F11D5F6D40008B437C /* Main.storyboard */,
				C021B6F41D5F6D41008B437C /* Assets.xcassets */,
				C021B6F61D5F6D42008B437C /* LaunchScreen.storyboard */,
				C021B6F91D5F6D42008B437C /* Info.plist */,
				C021B6E81D5F6D3F008B437C /* Supporting Files */,
			);
			path = Akila_WellsFargoExercise;
			sourceTree = "<group>";
		};
		C021B6E81D5F6D3F008B437C /* Supporting Files */ = {
			isa = PBXGroup;
			children = (
				C021B6E91D5F6D3F008B437C /* main.m */,
			);
			name = "Supporting Files";
			sourceTree = "<group>";
		};
		C021B7011D5F6D4E008B437C /* Akila_WellsFargoExerciseTests */ = {
			isa = PBXGroup;
			children = (
				C021B7021D5F6D4E008B437C /* Akila_WellsFargoExerciseTests.m */,
				C021B7041D5F6D4E008B437C /* Info.plist */,
			);
			path = Akila_WellsFargoExerciseTests;
			sourceTree = "<group>";
		};
		C021B70C1D5F6D4E008B437C /* Akila_WellsFargoExerciseUITests */ = {
			isa = PBXGroup;
			children = (
				C021B70D1D5F6D4E008B437C /* Akila_WellsFargoExerciseUITests.m */,
				C021B70F1D5F6D4F008B437C /* Info.plist */,
			);
			path = Akila_WellsFargoExerciseUITests;
			sourceTree = "<group>";
		};
/* End PBXGroup section */

/* Begin PBXNativeTarget section */
		C021B6E41D5F6D3F008B437C /* Akila_WellsFargoExercise */ = {
			isa = PBXNativeTarget;
			buildConfigurationList = C021B7121D5F6D4F008B437C /* Build configuration list for PBXNativeTarget "Akila_WellsFargoExercise" */;
			buildPhases = (
				C021B6E11D5F6D3F008B437C /* Sources */,
				C021B6E21D5F6D3F008B437C /* Frameworks */,
				C021B6E31D5F6D3F008B437C /* Resources */,
			);
			buildRules = (
			);
			dependencies = (
			);
			name = Akila_WellsFargoExercise;
			productName = Akila_WellsFargoExercise;
			productReference = C021B6E51D5F6D3F008B437C /* Akila_WellsFargoExercise.app */;
			productType = "com.apple.product-type.application";
		};
		C021B6FD1D5F6D4D008B437C /* Akila_WellsFargoExerciseTests */ = {
			isa = PBXNativeTarget;
			buildConfigurationList = C021B7151D5F6D4F008B437C /* Build configuration list for PBXNativeTarget "Akila_WellsFargoExerciseTests" */;
			buildPhases = (
				C021B6FA1D5F6D4D008B437C /* Sources */,
				C021B6FB1D5F6D4D008B437C /* Frameworks */,
				C021B6FC1D5F6D4D008B437C /* Resources */,
			);
			buildRules = (
			);
			dependencies = (
				C021B7001D5F6D4D008B437C /* PBXTargetDependency */,
			);
			name = Akila_WellsFargoExerciseTests;
			productName = Akila_WellsFargoExerciseTests;
			productReference = C021B6FE1D5F6D4D008B437C /* Akila_WellsFargoExerciseTests.xctest */;
			productType = "com.apple.product-type.bundle.unit-test";
		};
		C021B7081D5F6D4E008B437C /* Akila_WellsFargoExerciseUITests */ = {
			isa = PBXNativeTarget;
			buildConfigurationList = C021B7181D5F6D4F008B437C /* Build configuration list for PBXNativeTarget "Akila_WellsFargoExerciseUITests" */;
			buildPhases = (
				C021B7051D5F6D4E008B437C /* Sources */,
				C021B7061D5F6D4E008B437C /* Frameworks */,
				C021B7071D5F6D4E008B437C /* Resources */,
			);
			buildRules = (
			);
			dependencies = (
				C021B70B1D5F6D4E008B437C /* PBXTargetDependency */,
			);
			name = Akila_WellsFargoExerciseUITests;
			productName = Akila_WellsFargoExerciseUITests;
			productReference = C021B7091D5F6D4E008B437C /* Akila_WellsFargoExerciseUITests.xctest */;
			productType = "com.apple.product-type.bundle.ui-testing";
		};
/* End PBXNativeTarget section */

/* Begin PBXProject section */
		C021B6DD1D5F6D3F008B437C /* Project object */ = {
			isa = PBXProject;
			attributes = {
				LastUpgradeCheck = 0730;
				ORGANIZATIONNAME = "Akila Sivapathasekaran";
				TargetAttributes = {
					C021B6E41D5F6D3F008B437C = {
						CreatedOnToolsVersion = 7.3.1;
						DevelopmentTeam = 676ZG8L9VU;
					};
					C021B6FD1D5F6D4D008B437C = {
						CreatedOnToolsVersion = 7.3.1;
						TestTargetID = C021B6E41D5F6D3F008B437C;
					};
					C021B7081D5F6D4E008B437C = {
						CreatedOnToolsVersion = 7.3.1;
						TestTargetID = C021B6E41D5F6D3F008B437C;
					};
				};
			};
			buildConfigurationList = C021B6E01D5F6D3F008B437C /* Build configuration list for PBXProject "Akila_WellsFargoExercise" */;
			compatibilityVersion = "Xcode 3.2";
			developmentRegion = English;
			hasScannedForEncodings = 0;
			knownRegions = (
				en,
				Base,
			);
			mainGroup = C021B6DC1D5F6D3F008B437C;
			productRefGroup = C021B6E61D5F6D3F008B437C /* Products */;
			projectDirPath = "";
			projectRoot = "";
			targets = (
				C021B6E41D5F6D3F008B437C /* Akila_WellsFargoExercise */,
				C021B6FD1D5F6D4D008B437C /* Akila_WellsFargoExerciseTests */,
				C021B7081D5F6D4E008B437C /* Akila_WellsFargoExerciseUITests */,
			);
		};
/* End PBXProject section */

/* Begin PBXResourcesBuildPhase section */
		C021B6E31D5F6D3F008B437C /* Resources */ = {
			isa = PBXResourcesBuildPhase;
			buildActionMask = 2147483647;
			files = (
				C021B6F81D5F6D42008B437C /* LaunchScreen.storyboard in Resources */,
				C021B6F51D5F6D41008B437C /* Assets.xcassets in Resources */,
				C021B6F31D5F6D40008B437C /* Main.storyboard in Resources */,
			);
			runOnlyForDeploymentPostprocessing = 0;
		};
		C021B6FC1D5F6D4D008B437C /* Resources */ = {
			isa = PBXResourcesBuildPhase;
			buildActionMask = 2147483647;
			files = (
			);
			runOnlyForDeploymentPostprocessing = 0;
		};
		C021B7071D5F6D4E008B437C /* Resources */ = {
			isa = PBXResourcesBuildPhase;
			buildActionMask = 2147483647;
			files = (
			);
			runOnlyForDeploymentPostprocessing = 0;
		};
/* End PBXResourcesBuildPhase section */

/* Begin PBXSourcesBuildPhase section */
		C021B6E11D5F6D3F008B437C /* Sources */ = {
			isa = PBXSourcesBuildPhase;
			buildActionMask = 2147483647;
			files = (
				C000F0B01D5FA7D300565EF1 /* StoreViewCell.m in Sources */,
				C021B7201D5F72F9008B437C /* StoreViewController.m in Sources */,
				C021B71D1D5F72CA008B437C /* LoginViewController.m in Sources */,
				C021B6ED1D5F6D3F008B437C /* AppDelegate.m in Sources */,
				C021B6EA1D5F6D3F008B437C /* main.m in Sources */,
			);
			runOnlyForDeploymentPostprocessing = 0;
		};
		C021B6FA1D5F6D4D008B437C /* Sources */ = {
			isa = PBXSourcesBuildPhase;
			buildActionMask = 2147483647;
			files = (
				C021B7031D5F6D4E008B437C /* Akila_WellsFargoExerciseTests.m in Sources */,
			);
			runOnlyForDeploymentPostprocessing = 0;
		};
		C021B7051D5F6D4E008B437C /* Sources */ = {
			isa = PBXSourcesBuildPhase;
			buildActionMask = 2147483647;
			files = (
				C021B70E1D5F6D4E008B437C /* Akila_WellsFargoExerciseUITests.m in Sources */,
			);
			runOnlyForDeploymentPostprocessing = 0;
		};
/* End PBXSourcesBuildPhase section */

/* Begin PBXTargetDependency section */
		C021B7001D5F6D4D008B437C /* PBXTargetDependency */ = {
			isa = PBXTargetDependency;
			target = C021B6E41D5F6D3F008B437C /* Akila_WellsFargoExercise */;
			targetProxy = C021B6FF1D5F6D4D008B437C /* PBXContainerItemProxy */;
		};
		C021B70B1D5F6D4E008B437C /* PBXTargetDependency */ = {
			isa = PBXTargetDependency;
			target = C021B6E41D5F6D3F008B437C /* Akila_WellsFargoExercise */;
			targetProxy = C021B70A1D5F6D4E008B437C /* PBXContainerItemProxy */;
		};
/* End PBXTargetDependency section */

/* Begin PBXVariantGroup section */
		C021B6F11D5F6D40008B437C /* Main.storyboard */ = {
			isa = PBXVariantGroup;
			children = (
				C021B6F21D5F6D40008B437C /* Base */,
			);
			name = Main.storyboard;
			sourceTree = "<group>";
		};
		C021B6F61D5F6D42008B437C /* LaunchScreen.storyboard */ = {
			isa = PBXVariantGroup;
			children = (
				C021B6F71D5F6D42008B437C /* Base */,
			);
			name = LaunchScreen.storyboard;
			sourceTree = "<group>";
		};
/* End PBXVariantGroup section */

/* Begin XCBuildConfiguration section */
		C021B7101D5F6D4F008B437C /* Debug */ = {
			isa = XCBuildConfiguration;
			buildSettings = {
				ALWAYS_SEARCH_USER_PATHS = NO;
				CLANG_ANALYZER_NONNULL = YES;
				CLANG_CXX_LANGUAGE_STANDARD = "gnu++0x";
				CLANG_CXX_LIBRARY = "libc++";
				CLANG_ENABLE_MODULES = YES;
				CLANG_ENABLE_OBJC_ARC = YES;
				CLANG_WARN_BOOL_CONVERSION = YES;
				CLANG_WARN_CONSTANT_CONVERSION = YES;
				CLANG_WARN_DIRECT_OBJC_ISA_USAGE = YES_ERROR;
				CLANG_WARN_EMPTY_BODY = YES;
				CLANG_WARN_ENUM_CONVERSION = YES;
				CLANG_WARN_INT_CONVERSION = YES;
				CLANG_WARN_OBJC_ROOT_CLASS = YES_ERROR;
				CLANG_WARN_UNREACHABLE_CODE = YES;
				CLANG_WARN__DUPLICATE_METHOD_MATCH = YES;
				"CODE_SIGN_IDENTITY[sdk=iphoneos*]" = "iPhone Developer";
				COPY_PHASE_STRIP = NO;
				DEBUG_INFORMATION_FORMAT = dwarf;
				ENABLE_STRICT_OBJC_MSGSEND = YES;
				ENABLE_TESTABILITY = YES;
				GCC_C_LANGUAGE_STANDARD = gnu99;
				GCC_DYNAMIC_NO_PIC = NO;
				GCC_NO_COMMON_BLOCKS = YES;
				GCC_OPTIMIZATION_LEVEL = 0;
				GCC_PREPROCESSOR_DEFINITIONS = (
					"DEBUG=1",
					"$(inherited)",
				);
				GCC_WARN_64_TO_32_BIT_CONVERSION = YES;
				GCC_WARN_ABOUT_RETURN_TYPE = YES_ERROR;
				GCC_WARN_UNDECLARED_SELECTOR = YES;
				GCC_WARN_UNINITIALIZED_AUTOS = YES_AGGRESSIVE;
				GCC_WARN_UNUSED_FUNCTION = YES;
				GCC_WARN_UNUSED_VARIABLE = YES;
				IPHONEOS_DEPLOYMENT_TARGET = 9.3;
				MTL_ENABLE_DEBUG_INFO = YES;
				ONLY_ACTIVE_ARCH = YES;
				SDKROOT = iphoneos;
			};
			name = Debug;
		};
		C021B7111D5F6D4F008B437C /* Release */ = {
			isa = XCBuildConfiguration;
			buildSettings = {
				ALWAYS_SEARCH_USER_PATHS = NO;
				CLANG_ANALYZER_NONNULL = YES;
				CLANG_CXX_LANGUAGE_STANDARD = "gnu++0x";
				CLANG_CXX_LIBRARY = "libc++";
				CLANG_ENABLE_MODULES = YES;
				CLANG_ENABLE_OBJC_ARC = YES;
				CLANG_WARN_BOOL_CONVERSION = YES;
				CLANG_WARN_CONSTANT_CONVERSION = YES;
				CLANG_WARN_DIRECT_OBJC_ISA_USAGE = YES_ERROR;
				CLANG_WARN_EMPTY_BODY = YES;
				CLANG_WARN_ENUM_CONVERSION = YES;
				CLANG_WARN_INT_CONVERSION = YES;
				CLANG_WARN_OBJC_ROOT_CLASS = YES_ERROR;
				CLANG_WARN_UNREACHABLE_CODE = YES;
				CLANG_WARN__DUPLICATE_METHOD_MATCH = YES;
				"CODE_SIGN_IDENTITY[sdk=iphoneos*]" = "iPhone Developer";
				COPY_PHASE_STRIP = NO;
				DEBUG_INFORMATION_FORMAT = "dwarf-with-dsym";
				ENABLE_NS_ASSERTIONS = NO;
				ENABLE_STRICT_OBJC_MSGSEND = YES;
				GCC_C_LANGUAGE_STANDARD = gnu99;
				GCC_NO_COMMON_BLOCKS = YES;
				GCC_WARN_64_TO_32_BIT_CONVERSION = YES;
				GCC_WARN_ABOUT_RETURN_TYPE = YES_ERROR;
				GCC_WARN_UNDECLARED_SELECTOR = YES;
				GCC_WARN_UNINITIALIZED_AUTOS = YES_AGGRESSIVE;
				GCC_WARN_UNUSED_FUNCTION = YES;
				GCC_WARN_UNUSED_VARIABLE = YES;
				IPHONEOS_DEPLOYMENT_TARGET = 9.3;
				MTL_ENABLE_DEBUG_INFO = NO;
				SDKROOT = iphoneos;
				VALIDATE_PRODUCT = YES;
			};
			name = Release;
		};
		C021B7131D5F6D4F008B437C /* Debug */ = {
			isa = XCBuildConfiguration;
			buildSettings = {
				ASSETCATALOG_COMPILER_APPICON_NAME = AppIcon;
				CODE_SIGN_IDENTITY = "iPhone Developer";
				"CODE_SIGN_IDENTITY[sdk=iphoneos*]" = "iPhone Developer";
				INFOPLIST_FILE = Akila_WellsFargoExercise/Info.plist;
				LD_RUNPATH_SEARCH_PATHS = "$(inherited) @executable_path/Frameworks";
				PRODUCT_BUNDLE_IDENTIFIER = "iphone.Akila-WellsFargoExercise";
				PRODUCT_NAME = "$(TARGET_NAME)";
				PROVISIONING_PROFILE = "";
			};
			name = Debug;
		};
		C021B7141D5F6D4F008B437C /* Release */ = {
			isa = XCBuildConfiguration;
			buildSettings = {
				ASSETCATALOG_COMPILER_APPICON_NAME = AppIcon;
				CODE_SIGN_IDENTITY = "iPhone Developer";
				"CODE_SIGN_IDENTITY[sdk=iphoneos*]" = "iPhone Developer";
				INFOPLIST_FILE = Akila_WellsFargoExercise/Info.plist;
				LD_RUNPATH_SEARCH_PATHS = "$(inherited) @executable_path/Frameworks";
				PRODUCT_BUNDLE_IDENTIFIER = "iphone.Akila-WellsFargoExercise";
				PRODUCT_NAME = "$(TARGET_NAME)";
				PROVISIONING_PROFILE = "";
			};
			name = Release;
		};
		C021B7161D5F6D4F008B437C /* Debug */ = {
			isa = XCBuildConfiguration;
			buildSettings = {
				BUNDLE_LOADER = "$(TEST_HOST)";
				INFOPLIST_FILE = Akila_WellsFargoExerciseTests/Info.plist;
				LD_RUNPATH_SEARCH_PATHS = "$(inherited) @executable_path/Frameworks @loader_path/Frameworks";
				PRODUCT_BUNDLE_IDENTIFIER = "iphone.Akila-WellsFargoExerciseTests";
				PRODUCT_NAME = "$(TARGET_NAME)";
				TEST_HOST = "$(BUILT_PRODUCTS_DIR)/Akila_WellsFargoExercise.app/Akila_WellsFargoExercise";
			};
			name = Debug;
		};
		C021B7171D5F6D4F008B437C /* Release */ = {
			isa = XCBuildConfiguration;
			buildSettings = {
				BUNDLE_LOADER = "$(TEST_HOST)";
				INFOPLIST_FILE = Akila_WellsFargoExerciseTests/Info.plist;
				LD_RUNPATH_SEARCH_PATHS = "$(inherited) @executable_path/Frameworks @loader_path/Frameworks";
				PRODUCT_BUNDLE_IDENTIFIER = "iphone.Akila-WellsFargoExerciseTests";
				PRODUCT_NAME = "$(TARGET_NAME)";
				TEST_HOST = "$(BUILT_PRODUCTS_DIR)/Akila_WellsFargoExercise.app/Akila_WellsFargoExercise";
			};
			name = Release;
		};
		C021B7191D5F6D4F008B437C /* Debug */ = {
			isa = XCBuildConfiguration;
			buildSettings = {
				INFOPLIST_FILE = Akila_WellsFargoExerciseUITests/Info.plist;
				LD_RUNPATH_SEARCH_PATHS = "$(inherited) @executable_path/Frameworks @loader_path/Frameworks";
				PRODUCT_BUNDLE_IDENTIFIER = "iphone.Akila-WellsFargoExerciseUITests";
				PRODUCT_NAME = "$(TARGET_NAME)";
				TEST_TARGET_NAME = Akila_WellsFargoExercise;
			};
			name = Debug;
		};
		C021B71A1D5F6D4F008B437C /* Release */ = {
			isa = XCBuildConfiguration;
			buildSettings = {
				INFOPLIST_FILE = Akila_WellsFargoExerciseUITests/Info.plist;
				LD_RUNPATH_SEARCH_PATHS = "$(inherited) @executable_path/Frameworks @loader_path/Frameworks";
				PRODUCT_BUNDLE_IDENTIFIER = "iphone.Akila-WellsFargoExerciseUITests";
				PRODUCT_NAME = "$(TARGET_NAME)";
				TEST_TARGET_NAME = Akila_WellsFargoExercise;
			};
			name = Release;
		};
/* End XCBuildConfiguration section */

/* Begin XCConfigurationList section */
		C021B6E01D5F6D3F008B437C /* Build configuration list for PBXProject "Akila_WellsFargoExercise" */ = {
			isa = XCConfigurationList;
			buildConfigurations = (
				C021B7101D5F6D4F008B437C /* Debug */,
				C021B7111D5F6D4F008B437C /* Release */,
			);
			defaultConfigurationIsVisible = 0;
			defaultConfigurationName = Release;
		};
		C021B7121D5F6D4F008B437C /* Build configuration list for PBXNativeTarget "Akila_WellsFargoExercise" */ = {
			isa = XCConfigurationList;
			buildConfigurations = (
				C021B7131D5F6D4F008B437C /* Debug */,
				C021B7141D5F6D4F008B437C /* Release */,
			);
			defaultConfigurationIsVisible = 0;
			defaultConfigurationName = Release;
		};
		C021B7151D5F6D4F008B437C /* Build configuration list for PBXNativeTarget "Akila_WellsFargoExerciseTests" */ = {
			isa = XCConfigurationList;
			buildConfigurations = (
				C021B7161D5F6D4F008B437C /* Debug */,
				C021B7171D5F6D4F008B437C /* Release */,
			);
			defaultConfigurationIsVisible = 0;
			defaultConfigurationName = Release;
		};
		C021B7181D5F6D4F008B437C /* Build configuration list for PBXNativeTarget "Akila_WellsFargoExerciseUITests" */ = {
			isa = XCConfigurationList;
			buildConfigurations = (
				C021B7191D5F6D4F008B437C /* Debug */,
				C021B71A1D5F6D4F008B437C /* Release */,
			);
			defaultConfigurationIsVisible = 0;
			defaultConfigurationName = Release;
		};
/* End XCConfigurationList section */
	};
	rootObject = C021B6DD1D5F6D3F008B437C /* Project object */;
}
